
Microsoft Visual Studio Solution File, Format Version 12.00
# Visual Studio Version 16
VisualStudioVersion = 16.0.30413.136
MinimumVisualStudioVersion = 10.0.40219.1
Project("{FAE04EC0-301F-11D3-BF4B-00C04F79EFBC}") = "ReadingRoomStore", "ReadingRoomStore.csproj", "{13CF0D0B-2B30-4351-B1C7-4840FD18FE90}"
EndProject
Global
	GlobalSection(SolutionConfigurationPlatforms) = preSolution
		Debug|Any CPU = Debug|Any CPU
		Release|Any CPU = Release|Any CPU
	EndGlobalSection
	GlobalSection(ProjectConfigurationPlatforms) = postSolution
		{13CF0D0B-2B30-4351-B1C7-4840FD18FE90}.Debug|Any CPU.ActiveCfg = Debug|Any CPU
		{13CF0D0B-2B30-4351-B1C7-4840FD18FE90}.Debug|Any CPU.Build.0 = Debug|Any CPU
		{13CF0D0B-2B30-4351-B1C7-4840FD18FE90}.Release|Any CPU.ActiveCfg = Release|Any CPU
		{13CF0D0B-2B30-4351-B1C7-4840FD18FE90}.Release|Any CPU.Build.0 = Release|Any CPU
	EndGlobalSection
	GlobalSection(SolutionProperties) = preSolution
		HideSolutionNode = FALSE
	EndGlobalSection
	GlobalSection(ExtensibilityGlobals) = postSolution
		SolutionGuid = {F8A3600D-1EFE-437C-8571-494EDE61F3F0}
	EndGlobalSection
EndGlobal
